
Microsoft Visual Studio Solution File, Format Version 12.00
# Visual Studio Version 17
VisualStudioVersion = 17.3.32901.215
MinimumVisualStudioVersion = 10.0.40219.1
Project("{FAE04EC0-301F-11D3-BF4B-00C04F79EFBC}") = "Asteroid", "Asteroid\Asteroid.csproj", "{0F38C21B-EC1C-4977-92F5-E274E21B98C7}"
EndProject
Global
	GlobalSection(SolutionConfigurationPlatforms) = preSolution
		Debug|Any CPU = Debug|Any CPU
		Release|Any CPU = Release|Any CPU
	EndGlobalSection
	GlobalSection(ProjectConfigurationPlatforms) = postSolution
		{0F38C21B-EC1C-4977-92F5-E274E21B98C7}.Debug|Any CPU.ActiveCfg = Debug|Any CPU
		{0F38C21B-EC1C-4977-92F5-E274E21B98C7}.Debug|Any CPU.Build.0 = Debug|Any CPU
		{0F38C21B-EC1C-4977-92F5-E274E21B98C7}.Release|Any CPU.ActiveCfg = Release|Any CPU
		{0F38C21B-EC1C-4977-92F5-E274E21B98C7}.Release|Any CPU.Build.0 = Release|Any CPU
	EndGlobalSection
	GlobalSection(SolutionProperties) = preSolution
		HideSolutionNode = FALSE
	EndGlobalSection
	GlobalSection(ExtensibilityGlobals) = postSolution
		SolutionGuid = {86423AFE-D958-4E12-A209-89A5AA83FC79}
	EndGlobalSection
EndGlobal
